// !$*UTF8*$!
{
	archiveVersion = 1;
	classes = {
	};
	objectVersion = 56;
	objects = {

/* Begin PBXBuildFile section */
		DC76A1202BB782D10061F258 /* AppDelegate.swift in Sources */ = {isa = PBXBuildFile; fileRef = DC76A11F2BB782D10061F258 /* AppDelegate.swift */; };
		DC76A1242BB782D10061F258 /* SearchViewController.swift in Sources */ = {isa = PBXBuildFile; fileRef = DC76A1232BB782D10061F258 /* SearchViewController.swift */; };
		DC76A1272BB782D10061F258 /* Main.storyboard in Resources */ = {isa = PBXBuildFile; fileRef = DC76A1252BB782D10061F258 /* Main.storyboard */; };
		DC76A1292BB782D20061F258 /* Assets.xcassets in Resources */ = {isa = PBXBuildFile; fileRef = DC76A1282BB782D20061F258 /* Assets.xcassets */; };
		DC76A12C2BB782D20061F258 /* LaunchScreen.storyboard in Resources */ = {isa = PBXBuildFile; fileRef = DC76A12A2BB782D20061F258 /* LaunchScreen.storyboard */; };
		DC76A1372BB782D20061F258 /* SearchGithubRepositoryTests.swift in Sources */ = {isa = PBXBuildFile; fileRef = DC76A1362BB782D20061F258 /* SearchGithubRepositoryTests.swift */; };
		DC76A1572BB78A690061F258 /* ReactiveViewModel.swift in Sources */ = {isa = PBXBuildFile; fileRef = DC76A1562BB78A690061F258 /* ReactiveViewModel.swift */; };
		DC76A1592BB78A7F0061F258 /* BaseViewController.swift in Sources */ = {isa = PBXBuildFile; fileRef = DC76A1582BB78A7F0061F258 /* BaseViewController.swift */; };
		DC76A1672BB78DE50061F258 /* RxCocoa in Frameworks */ = {isa = PBXBuildFile; productRef = DC76A1662BB78DE50061F258 /* RxCocoa */; };
		DC76A1692BB78DE50061F258 /* RxSwift in Frameworks */ = {isa = PBXBuildFile; productRef = DC76A1682BB78DE50061F258 /* RxSwift */; };
		DC76A16C2BB78E560061F258 /* SnapKit in Frameworks */ = {isa = PBXBuildFile; productRef = DC76A16B2BB78E560061F258 /* SnapKit */; };
		DC76A16F2BB78E610061F258 /* Then in Frameworks */ = {isa = PBXBuildFile; productRef = DC76A16E2BB78E610061F258 /* Then */; };
		DC76A1712BB78EBD0061F258 /* SearchViewModel.swift in Sources */ = {isa = PBXBuildFile; fileRef = DC76A1702BB78EBD0061F258 /* SearchViewModel.swift */; };
/* End PBXBuildFile section */

/* Begin PBXContainerItemProxy section */
		DC76A1332BB782D20061F258 /* PBXContainerItemProxy */ = {
			isa = PBXContainerItemProxy;
			containerPortal = DC76A1142BB782D10061F258 /* Project object */;
			proxyType = 1;
			remoteGlobalIDString = DC76A11B2BB782D10061F258;
			remoteInfo = SearchGithubRepository;
		};
		DC76A13D2BB782D20061F258 /* PBXContainerItemProxy */ = {
			isa = PBXContainerItemProxy;
			containerPortal = DC76A1142BB782D10061F258 /* Project object */;
			proxyType = 1;
			remoteGlobalIDString = DC76A11B2BB782D10061F258;
			remoteInfo = SearchGithubRepository;
		};
/* End PBXContainerItemProxy section */

/* Begin PBXFileReference section */
		DC76A11C2BB782D10061F258 /* SearchGithubRepository.app */ = {isa = PBXFileReference; explicitFileType = wrapper.application; includeInIndex = 0; path = SearchGithubRepository.app; sourceTree = BUILT_PRODUCTS_DIR; };
		DC76A11F2BB782D10061F258 /* AppDelegate.swift */ = {isa = PBXFileReference; lastKnownFileType = sourcecode.swift; path = AppDelegate.swift; sourceTree = "<group>"; };
		DC76A1232BB782D10061F258 /* SearchViewController.swift */ = {isa = PBXFileReference; lastKnownFileType = sourcecode.swift; path = SearchViewController.swift; sourceTree = "<group>"; };
		DC76A1262BB782D10061F258 /* Base */ = {isa = PBXFileReference; lastKnownFileType = file.storyboard; name = Base; path = Base.lproj/Main.storyboard; sourceTree = "<group>"; };
		DC76A1282BB782D20061F258 /* Assets.xcassets */ = {isa = PBXFileReference; lastKnownFileType = folder.assetcatalog; path = Assets.xcassets; sourceTree = "<group>"; };
		DC76A12B2BB782D20061F258 /* Base */ = {isa = PBXFileReference; lastKnownFileType = file.storyboard; name = Base; path = Base.lproj/LaunchScreen.storyboard; sourceTree = "<group>"; };
		DC76A12D2BB782D20061F258 /* Info.plist */ = {isa = PBXFileReference; lastKnownFileType = text.plist.xml; path = Info.plist; sourceTree = "<group>"; };
		DC76A1322BB782D20061F258 /* SearchGithubRepositoryTests.xctest */ = {isa = PBXFileReference; explicitFileType = wrapper.cfbundle; includeInIndex = 0; path = SearchGithubRepositoryTests.xctest; sourceTree = BUILT_PRODUCTS_DIR; };
		DC76A1362BB782D20061F258 /* SearchGithubRepositoryTests.swift */ = {isa = PBXFileReference; lastKnownFileType = sourcecode.swift; path = SearchGithubRepositoryTests.swift; sourceTree = "<group>"; };
		DC76A13C2BB782D20061F258 /* SearchGithubRepositoryUITests.xctest */ = {isa = PBXFileReference; explicitFileType = wrapper.cfbundle; includeInIndex = 0; path = SearchGithubRepositoryUITests.xctest; sourceTree = BUILT_PRODUCTS_DIR; };
		DC76A1562BB78A690061F258 /* ReactiveViewModel.swift */ = {isa = PBXFileReference; lastKnownFileType = sourcecode.swift; path = ReactiveViewModel.swift; sourceTree = SOURCE_ROOT; };
		DC76A1582BB78A7F0061F258 /* BaseViewController.swift */ = {isa = PBXFileReference; lastKnownFileType = sourcecode.swift; path = BaseViewController.swift; sourceTree = "<group>"; };
		DC76A1702BB78EBD0061F258 /* SearchViewModel.swift */ = {isa = PBXFileReference; lastKnownFileType = sourcecode.swift; path = SearchViewModel.swift; sourceTree = "<group>"; };
/* End PBXFileReference section */

/* Begin PBXFrameworksBuildPhase section */
		DC76A1192BB782D10061F258 /* Frameworks */ = {
			isa = PBXFrameworksBuildPhase;
			buildActionMask = 2147483647;
			files = (
				DC76A16C2BB78E560061F258 /* SnapKit in Frameworks */,
				DC76A1692BB78DE50061F258 /* RxSwift in Frameworks */,
				DC76A1672BB78DE50061F258 /* RxCocoa in Frameworks */,
				DC76A16F2BB78E610061F258 /* Then in Frameworks */,
			);
			runOnlyForDeploymentPostprocessing = 0;
		};
		DC76A12F2BB782D20061F258 /* Frameworks */ = {
			isa = PBXFrameworksBuildPhase;
			buildActionMask = 2147483647;
			files = (
			);
			runOnlyForDeploymentPostprocessing = 0;
		};
		DC76A1392BB782D20061F258 /* Frameworks */ = {
			isa = PBXFrameworksBuildPhase;
			buildActionMask = 2147483647;
			files = (
			);
			runOnlyForDeploymentPostprocessing = 0;
		};
/* End PBXFrameworksBuildPhase section */

/* Begin PBXGroup section */
		DC76A1132BB782D10061F258 = {
			isa = PBXGroup;
			children = (
				DC76A11E2BB782D10061F258 /* SearchGithubRepository */,
				DC76A1352BB782D20061F258 /* SearchGithubRepositoryTests */,
				DC76A11D2BB782D10061F258 /* Products */,
			);
			sourceTree = "<group>";
		};
		DC76A11D2BB782D10061F258 /* Products */ = {
			isa = PBXGroup;
			children = (
				DC76A11C2BB782D10061F258 /* SearchGithubRepository.app */,
				DC76A1322BB782D20061F258 /* SearchGithubRepositoryTests.xctest */,
				DC76A13C2BB782D20061F258 /* SearchGithubRepositoryUITests.xctest */,
			);
			name = Products;
			sourceTree = "<group>";
		};
		DC76A11E2BB782D10061F258 /* SearchGithubRepository */ = {
			isa = PBXGroup;
			children = (
				DC76A14F2BB786390061F258 /* Common */,
				DC76A1532BB787EE0061F258 /* Scenes */,
				DC76A1522BB787D60061F258 /* Resources */,
				DC76A11F2BB782D10061F258 /* AppDelegate.swift */,
				DC76A12D2BB782D20061F258 /* Info.plist */,
			);
			path = SearchGithubRepository;
			sourceTree = "<group>";
		};
		DC76A1352BB782D20061F258 /* SearchGithubRepositoryTests */ = {
			isa = PBXGroup;
			children = (
				DC76A1362BB782D20061F258 /* SearchGithubRepositoryTests.swift */,
			);
			path = SearchGithubRepositoryTests;
			sourceTree = "<group>";
		};
		DC76A14F2BB786390061F258 /* Common */ = {
			isa = PBXGroup;
			children = (
				DC76A1512BB786B10061F258 /* Protocol */,
				DC76A1502BB786A40061F258 /* ViewController */,
			);
			path = Common;
			sourceTree = "<group>";
		};
		DC76A1502BB786A40061F258 /* ViewController */ = {
			isa = PBXGroup;
			children = (
				DC76A1582BB78A7F0061F258 /* BaseViewController.swift */,
			);
			path = ViewController;
			sourceTree = "<group>";
		};
		DC76A1512BB786B10061F258 /* Protocol */ = {
			isa = PBXGroup;
			children = (
				DC76A1562BB78A690061F258 /* ReactiveViewModel.swift */,
			);
			path = Protocol;
			sourceTree = "<group>";
		};
		DC76A1522BB787D60061F258 /* Resources */ = {
			isa = PBXGroup;
			children = (
				DC76A1542BB7881A0061F258 /* Storyboards */,
				DC76A1282BB782D20061F258 /* Assets.xcassets */,
			);
			path = Resources;
			sourceTree = "<group>";
		};
		DC76A1532BB787EE0061F258 /* Scenes */ = {
			isa = PBXGroup;
			children = (
				DC76A1552BB788440061F258 /* Search */,
			);
			path = Scenes;
			sourceTree = "<group>";
		};
		DC76A1542BB7881A0061F258 /* Storyboards */ = {
			isa = PBXGroup;
			children = (
				DC76A1252BB782D10061F258 /* Main.storyboard */,
				DC76A12A2BB782D20061F258 /* LaunchScreen.storyboard */,
			);
			path = Storyboards;
			sourceTree = "<group>";
		};
		DC76A1552BB788440061F258 /* Search */ = {
			isa = PBXGroup;
			children = (
				DC76A1232BB782D10061F258 /* SearchViewController.swift */,
				DC76A1702BB78EBD0061F258 /* SearchViewModel.swift */,
			);
			path = Search;
			sourceTree = "<group>";
		};
/* End PBXGroup section */

/* Begin PBXNativeTarget section */
		DC76A11B2BB782D10061F258 /* SearchGithubRepository */ = {
			isa = PBXNativeTarget;
			buildConfigurationList = DC76A1462BB782D20061F258 /* Build configuration list for PBXNativeTarget "SearchGithubRepository" */;
			buildPhases = (
				DC76A1182BB782D10061F258 /* Sources */,
				DC76A1192BB782D10061F258 /* Frameworks */,
				DC76A11A2BB782D10061F258 /* Resources */,
			);
			buildRules = (
			);
			dependencies = (
			);
			name = SearchGithubRepository;
			packageProductDependencies = (
				DC76A1662BB78DE50061F258 /* RxCocoa */,
				DC76A1682BB78DE50061F258 /* RxSwift */,
				DC76A16B2BB78E560061F258 /* SnapKit */,
				DC76A16E2BB78E610061F258 /* Then */,
			);
			productName = SearchGithubRepository;
			productReference = DC76A11C2BB782D10061F258 /* SearchGithubRepository.app */;
			productType = "com.apple.product-type.application";
		};
		DC76A1312BB782D20061F258 /* SearchGithubRepositoryTests */ = {
			isa = PBXNativeTarget;
			buildConfigurationList = DC76A1492BB782D20061F258 /* Build configuration list for PBXNativeTarget "SearchGithubRepositoryTests" */;
			buildPhases = (
				DC76A12E2BB782D20061F258 /* Sources */,
				DC76A12F2BB782D20061F258 /* Frameworks */,
				DC76A1302BB782D20061F258 /* Resources */,
			);
			buildRules = (
			);
			dependencies = (
				DC76A1342BB782D20061F258 /* PBXTargetDependency */,
			);
			name = SearchGithubRepositoryTests;
			productName = SearchGithubRepositoryTests;
			productReference = DC76A1322BB782D20061F258 /* SearchGithubRepositoryTests.xctest */;
			productType = "com.apple.product-type.bundle.unit-test";
		};
		DC76A13B2BB782D20061F258 /* SearchGithubRepositoryUITests */ = {
			isa = PBXNativeTarget;
			buildConfigurationList = DC76A14C2BB782D20061F258 /* Build configuration list for PBXNativeTarget "SearchGithubRepositoryUITests" */;
			buildPhases = (
				DC76A1382BB782D20061F258 /* Sources */,
				DC76A1392BB782D20061F258 /* Frameworks */,
				DC76A13A2BB782D20061F258 /* Resources */,
			);
			buildRules = (
			);
			dependencies = (
				DC76A13E2BB782D20061F258 /* PBXTargetDependency */,
			);
			name = SearchGithubRepositoryUITests;
			productName = SearchGithubRepositoryUITests;
			productReference = DC76A13C2BB782D20061F258 /* SearchGithubRepositoryUITests.xctest */;
			productType = "com.apple.product-type.bundle.ui-testing";
		};
/* End PBXNativeTarget section */

/* Begin PBXProject section */
		DC76A1142BB782D10061F258 /* Project object */ = {
			isa = PBXProject;
			attributes = {
				BuildIndependentTargetsInParallel = 1;
				LastSwiftUpdateCheck = 1500;
				LastUpgradeCheck = 1500;
				TargetAttributes = {
					DC76A11B2BB782D10061F258 = {
						CreatedOnToolsVersion = 15.0;
					};
					DC76A1312BB782D20061F258 = {
						CreatedOnToolsVersion = 15.0;
						TestTargetID = DC76A11B2BB782D10061F258;
					};
					DC76A13B2BB782D20061F258 = {
						CreatedOnToolsVersion = 15.0;
						TestTargetID = DC76A11B2BB782D10061F258;
					};
				};
			};
			buildConfigurationList = DC76A1172BB782D10061F258 /* Build configuration list for PBXProject "SearchGithubRepository" */;
			compatibilityVersion = "Xcode 14.0";
			developmentRegion = en;
			hasScannedForEncodings = 0;
			knownRegions = (
				en,
				Base,
			);
			mainGroup = DC76A1132BB782D10061F258;
			packageReferences = (
				DC76A1652BB78DE50061F258 /* XCRemoteSwiftPackageReference "RxSwift" */,
				DC76A16A2BB78E560061F258 /* XCRemoteSwiftPackageReference "SnapKit" */,
				DC76A16D2BB78E610061F258 /* XCRemoteSwiftPackageReference "Then" */,
			);
			productRefGroup = DC76A11D2BB782D10061F258 /* Products */;
			projectDirPath = "";
			projectRoot = "";
			targets = (
				DC76A11B2BB782D10061F258 /* SearchGithubRepository */,
				DC76A1312BB782D20061F258 /* SearchGithubRepositoryTests */,
				DC76A13B2BB782D20061F258 /* SearchGithubRepositoryUITests */,
			);
		};
/* End PBXProject section */

/* Begin PBXResourcesBuildPhase section */
		DC76A11A2BB782D10061F258 /* Resources */ = {
			isa = PBXResourcesBuildPhase;
			buildActionMask = 2147483647;
			files = (
				DC76A12C2BB782D20061F258 /* LaunchScreen.storyboard in Resources */,
				DC76A1292BB782D20061F258 /* Assets.xcassets in Resources */,
				DC76A1272BB782D10061F258 /* Main.storyboard in Resources */,
			);
			runOnlyForDeploymentPostprocessing = 0;
		};
		DC76A1302BB782D20061F258 /* Resources */ = {
			isa = PBXResourcesBuildPhase;
			buildActionMask = 2147483647;
			files = (
			);
			runOnlyForDeploymentPostprocessing = 0;
		};
		DC76A13A2BB782D20061F258 /* Resources */ = {
			isa = PBXResourcesBuildPhase;
			buildActionMask = 2147483647;
			files = (
			);
			runOnlyForDeploymentPostprocessing = 0;
		};
/* End PBXResourcesBuildPhase section */

/* Begin PBXSourcesBuildPhase section */
		DC76A1182BB782D10061F258 /* Sources */ = {
			isa = PBXSourcesBuildPhase;
			buildActionMask = 2147483647;
			files = (
				DC76A1572BB78A690061F258 /* ReactiveViewModel.swift in Sources */,
				DC76A1712BB78EBD0061F258 /* SearchViewModel.swift in Sources */,
				DC76A1592BB78A7F0061F258 /* BaseViewController.swift in Sources */,
				DC76A1242BB782D10061F258 /* SearchViewController.swift in Sources */,
				DC76A1202BB782D10061F258 /* AppDelegate.swift in Sources */,
			);
			runOnlyForDeploymentPostprocessing = 0;
		};
		DC76A12E2BB782D20061F258 /* Sources */ = {
			isa = PBXSourcesBuildPhase;
			buildActionMask = 2147483647;
			files = (
				DC76A1372BB782D20061F258 /* SearchGithubRepositoryTests.swift in Sources */,
			);
			runOnlyForDeploymentPostprocessing = 0;
		};
		DC76A1382BB782D20061F258 /* Sources */ = {
			isa = PBXSourcesBuildPhase;
			buildActionMask = 2147483647;
			files = (
			);
			runOnlyForDeploymentPostprocessing = 0;
		};
/* End PBXSourcesBuildPhase section */

/* Begin PBXTargetDependency section */
		DC76A1342BB782D20061F258 /* PBXTargetDependency */ = {
			isa = PBXTargetDependency;
			target = DC76A11B2BB782D10061F258 /* SearchGithubRepository */;
			targetProxy = DC76A1332BB782D20061F258 /* PBXContainerItemProxy */;
		};
		DC76A13E2BB782D20061F258 /* PBXTargetDependency */ = {
			isa = PBXTargetDependency;
			target = DC76A11B2BB782D10061F258 /* SearchGithubRepository */;
			targetProxy = DC76A13D2BB782D20061F258 /* PBXContainerItemProxy */;
		};
/* End PBXTargetDependency section */

/* Begin PBXVariantGroup section */
		DC76A1252BB782D10061F258 /* Main.storyboard */ = {
			isa = PBXVariantGroup;
			children = (
				DC76A1262BB782D10061F258 /* Base */,
			);
			name = Main.storyboard;
			sourceTree = "<group>";
		};
		DC76A12A2BB782D20061F258 /* LaunchScreen.storyboard */ = {
			isa = PBXVariantGroup;
			children = (
				DC76A12B2BB782D20061F258 /* Base */,
			);
			name = LaunchScreen.storyboard;
			sourceTree = "<group>";
		};
/* End PBXVariantGroup section */

/* Begin XCBuildConfiguration section */
		DC76A1442BB782D20061F258 /* Debug */ = {
			isa = XCBuildConfiguration;
			buildSettings = {
				ALWAYS_SEARCH_USER_PATHS = NO;
				ASSETCATALOG_COMPILER_GENERATE_SWIFT_ASSET_SYMBOL_EXTENSIONS = YES;
				CLANG_ANALYZER_NONNULL = YES;
				CLANG_ANALYZER_NUMBER_OBJECT_CONVERSION = YES_AGGRESSIVE;
				CLANG_CXX_LANGUAGE_STANDARD = "gnu++20";
				CLANG_ENABLE_MODULES = YES;
				CLANG_ENABLE_OBJC_ARC = YES;
				CLANG_ENABLE_OBJC_WEAK = YES;
				CLANG_WARN_BLOCK_CAPTURE_AUTORELEASING = YES;
				CLANG_WARN_BOOL_CONVERSION = YES;
				CLANG_WARN_COMMA = YES;
				CLANG_WARN_CONSTANT_CONVERSION = YES;
				CLANG_WARN_DEPRECATED_OBJC_IMPLEMENTATIONS = YES;
				CLANG_WARN_DIRECT_OBJC_ISA_USAGE = YES_ERROR;
				CLANG_WARN_DOCUMENTATION_COMMENTS = YES;
				CLANG_WARN_EMPTY_BODY = YES;
				CLANG_WARN_ENUM_CONVERSION = YES;
				CLANG_WARN_INFINITE_RECURSION = YES;
				CLANG_WARN_INT_CONVERSION = YES;
				CLANG_WARN_NON_LITERAL_NULL_CONVERSION = YES;
				CLANG_WARN_OBJC_IMPLICIT_RETAIN_SELF = YES;
				CLANG_WARN_OBJC_LITERAL_CONVERSION = YES;
				CLANG_WARN_OBJC_ROOT_CLASS = YES_ERROR;
				CLANG_WARN_QUOTED_INCLUDE_IN_FRAMEWORK_HEADER = YES;
				CLANG_WARN_RANGE_LOOP_ANALYSIS = YES;
				CLANG_WARN_STRICT_PROTOTYPES = YES;
				CLANG_WARN_SUSPICIOUS_MOVE = YES;
				CLANG_WARN_UNGUARDED_AVAILABILITY = YES_AGGRESSIVE;
				CLANG_WARN_UNREACHABLE_CODE = YES;
				CLANG_WARN__DUPLICATE_METHOD_MATCH = YES;
				COPY_PHASE_STRIP = NO;
				DEBUG_INFORMATION_FORMAT = dwarf;
				ENABLE_STRICT_OBJC_MSGSEND = YES;
				ENABLE_TESTABILITY = YES;
				ENABLE_USER_SCRIPT_SANDBOXING = YES;
				GCC_C_LANGUAGE_STANDARD = gnu17;
				GCC_DYNAMIC_NO_PIC = NO;
				GCC_NO_COMMON_BLOCKS = YES;
				GCC_OPTIMIZATION_LEVEL = 0;
				GCC_PREPROCESSOR_DEFINITIONS = (
					"DEBUG=1",
					"$(inherited)",
				);
				GCC_WARN_64_TO_32_BIT_CONVERSION = YES;
				GCC_WARN_ABOUT_RETURN_TYPE = YES_ERROR;
				GCC_WARN_UNDECLARED_SELECTOR = YES;
				GCC_WARN_UNINITIALIZED_AUTOS = YES_AGGRESSIVE;
				GCC_WARN_UNUSED_FUNCTION = YES;
				GCC_WARN_UNUSED_VARIABLE = YES;
				IPHONEOS_DEPLOYMENT_TARGET = 17.0;
				LOCALIZATION_PREFERS_STRING_CATALOGS = YES;
				MTL_ENABLE_DEBUG_INFO = INCLUDE_SOURCE;
				MTL_FAST_MATH = YES;
				ONLY_ACTIVE_ARCH = YES;
				SDKROOT = iphoneos;
				SWIFT_ACTIVE_COMPILATION_CONDITIONS = "DEBUG $(inherited)";
				SWIFT_OPTIMIZATION_LEVEL = "-Onone";
			};
			name = Debug;
		};
		DC76A1452BB782D20061F258 /* Release */ = {
			isa = XCBuildConfiguration;
			buildSettings = {
				ALWAYS_SEARCH_USER_PATHS = NO;
				ASSETCATALOG_COMPILER_GENERATE_SWIFT_ASSET_SYMBOL_EXTENSIONS = YES;
				CLANG_ANALYZER_NONNULL = YES;
				CLANG_ANALYZER_NUMBER_OBJECT_CONVERSION = YES_AGGRESSIVE;
				CLANG_CXX_LANGUAGE_STANDARD = "gnu++20";
				CLANG_ENABLE_MODULES = YES;
				CLANG_ENABLE_OBJC_ARC = YES;
				CLANG_ENABLE_OBJC_WEAK = YES;
				CLANG_WARN_BLOCK_CAPTURE_AUTORELEASING = YES;
				CLANG_WARN_BOOL_CONVERSION = YES;
				CLANG_WARN_COMMA = YES;
				CLANG_WARN_CONSTANT_CONVERSION = YES;
				CLANG_WARN_DEPRECATED_OBJC_IMPLEMENTATIONS = YES;
				CLANG_WARN_DIRECT_OBJC_ISA_USAGE = YES_ERROR;
				CLANG_WARN_DOCUMENTATION_COMMENTS = YES;
				CLANG_WARN_EMPTY_BODY = YES;
				CLANG_WARN_ENUM_CONVERSION = YES;
				CLANG_WARN_INFINITE_RECURSION = YES;
				CLANG_WARN_INT_CONVERSION = YES;
				CLANG_WARN_NON_LITERAL_NULL_CONVERSION = YES;
				CLANG_WARN_OBJC_IMPLICIT_RETAIN_SELF = YES;
				CLANG_WARN_OBJC_LITERAL_CONVERSION = YES;
				CLANG_WARN_OBJC_ROOT_CLASS = YES_ERROR;
				CLANG_WARN_QUOTED_INCLUDE_IN_FRAMEWORK_HEADER = YES;
				CLANG_WARN_RANGE_LOOP_ANALYSIS = YES;
				CLANG_WARN_STRICT_PROTOTYPES = YES;
				CLANG_WARN_SUSPICIOUS_MOVE = YES;
				CLANG_WARN_UNGUARDED_AVAILABILITY = YES_AGGRESSIVE;
				CLANG_WARN_UNREACHABLE_CODE = YES;
				CLANG_WARN__DUPLICATE_METHOD_MATCH = YES;
				COPY_PHASE_STRIP = NO;
				DEBUG_INFORMATION_FORMAT = "dwarf-with-dsym";
				ENABLE_NS_ASSERTIONS = NO;
				ENABLE_STRICT_OBJC_MSGSEND = YES;
				ENABLE_USER_SCRIPT_SANDBOXING = YES;
				GCC_C_LANGUAGE_STANDARD = gnu17;
				GCC_NO_COMMON_BLOCKS = YES;
				GCC_WARN_64_TO_32_BIT_CONVERSION = YES;
				GCC_WARN_ABOUT_RETURN_TYPE = YES_ERROR;
				GCC_WARN_UNDECLARED_SELECTOR = YES;
				GCC_WARN_UNINITIALIZED_AUTOS = YES_AGGRESSIVE;
				GCC_WARN_UNUSED_FUNCTION = YES;
				GCC_WARN_UNUSED_VARIABLE = YES;
				IPHONEOS_DEPLOYMENT_TARGET = 17.0;
				LOCALIZATION_PREFERS_STRING_CATALOGS = YES;
				MTL_ENABLE_DEBUG_INFO = NO;
				MTL_FAST_MATH = YES;
				SDKROOT = iphoneos;
				SWIFT_COMPILATION_MODE = wholemodule;
				VALIDATE_PRODUCT = YES;
			};
			name = Release;
		};
		DC76A1472BB782D20061F258 /* Debug */ = {
			isa = XCBuildConfiguration;
			buildSettings = {
				ASSETCATALOG_COMPILER_APPICON_NAME = AppIcon;
				ASSETCATALOG_COMPILER_GLOBAL_ACCENT_COLOR_NAME = AccentColor;
				CODE_SIGN_STYLE = Automatic;
				CURRENT_PROJECT_VERSION = 1;
				DEVELOPMENT_TEAM = 34P9XTLBPV;
				GENERATE_INFOPLIST_FILE = YES;
				INFOPLIST_FILE = SearchGithubRepository/Info.plist;
				INFOPLIST_KEY_UIApplicationSupportsIndirectInputEvents = YES;
				INFOPLIST_KEY_UILaunchStoryboardName = LaunchScreen;
				INFOPLIST_KEY_UIMainStoryboardFile = Main;
				INFOPLIST_KEY_UISupportedInterfaceOrientations = UIInterfaceOrientationPortrait;
				INFOPLIST_KEY_UISupportedInterfaceOrientations_iPad = "UIInterfaceOrientationLandscapeLeft UIInterfaceOrientationLandscapeRight UIInterfaceOrientationPortrait UIInterfaceOrientationPortraitUpsideDown";
				IPHONEOS_DEPLOYMENT_TARGET = 16.0;
				LD_RUNPATH_SEARCH_PATHS = (
					"$(inherited)",
					"@executable_path/Frameworks",
				);
				MARKETING_VERSION = 1.0;
				PRODUCT_BUNDLE_IDENTIFIER = com.srkim.SearchGithubRepository;
				PRODUCT_NAME = "$(TARGET_NAME)";
				SUPPORTED_PLATFORMS = "iphoneos iphonesimulator";
				SUPPORTS_MACCATALYST = NO;
				SUPPORTS_MAC_DESIGNED_FOR_IPHONE_IPAD = NO;
				SWIFT_EMIT_LOC_STRINGS = YES;
				SWIFT_VERSION = 5.0;
				TARGETED_DEVICE_FAMILY = 1;
			};
			name = Debug;
		};
		DC76A1482BB782D20061F258 /* Release */ = {
			isa = XCBuildConfiguration;
			buildSettings = {
				ASSETCATALOG_COMPILER_APPICON_NAME = AppIcon;
				ASSETCATALOG_COMPILER_GLOBAL_ACCENT_COLOR_NAME = AccentColor;
				CODE_SIGN_STYLE = Automatic;
				CURRENT_PROJECT_VERSION = 1;
				DEVELOPMENT_TEAM = 34P9XTLBPV;
				GENERATE_INFOPLIST_FILE = YES;
				INFOPLIST_FILE = SearchGithubRepository/Info.plist;
				INFOPLIST_KEY_UIApplicationSupportsIndirectInputEvents = YES;
				INFOPLIST_KEY_UILaunchStoryboardName = LaunchScreen;
				INFOPLIST_KEY_UIMainStoryboardFile = Main;
				INFOPLIST_KEY_UISupportedInterfaceOrientations = UIInterfaceOrientationPortrait;
				INFOPLIST_KEY_UISupportedInterfaceOrientations_iPad = "UIInterfaceOrientationLandscapeLeft UIInterfaceOrientationLandscapeRight UIInterfaceOrientationPortrait UIInterfaceOrientationPortraitUpsideDown";
				IPHONEOS_DEPLOYMENT_TARGET = 16.0;
				LD_RUNPATH_SEARCH_PATHS = (
					"$(inherited)",
					"@executable_path/Frameworks",
				);
				MARKETING_VERSION = 1.0;
				PRODUCT_BUNDLE_IDENTIFIER = com.srkim.SearchGithubRepository;
				PRODUCT_NAME = "$(TARGET_NAME)";
				SUPPORTED_PLATFORMS = "iphoneos iphonesimulator";
				SUPPORTS_MACCATALYST = NO;
				SUPPORTS_MAC_DESIGNED_FOR_IPHONE_IPAD = NO;
				SWIFT_EMIT_LOC_STRINGS = YES;
				SWIFT_VERSION = 5.0;
				TARGETED_DEVICE_FAMILY = 1;
			};
			name = Release;
		};
		DC76A14A2BB782D20061F258 /* Debug */ = {
			isa = XCBuildConfiguration;
			buildSettings = {
				ALWAYS_EMBED_SWIFT_STANDARD_LIBRARIES = YES;
				BUNDLE_LOADER = "$(TEST_HOST)";
				CODE_SIGN_STYLE = Automatic;
				CURRENT_PROJECT_VERSION = 1;
				DEVELOPMENT_TEAM = 34P9XTLBPV;
				GENERATE_INFOPLIST_FILE = YES;
				IPHONEOS_DEPLOYMENT_TARGET = 17.0;
				MARKETING_VERSION = 1.0;
				PRODUCT_BUNDLE_IDENTIFIER = com.srkim.SearchGithubRepositoryTests;
				PRODUCT_NAME = "$(TARGET_NAME)";
				SWIFT_EMIT_LOC_STRINGS = NO;
				SWIFT_VERSION = 5.0;
				TARGETED_DEVICE_FAMILY = "1,2";
				TEST_HOST = "$(BUILT_PRODUCTS_DIR)/SearchGithubRepository.app/$(BUNDLE_EXECUTABLE_FOLDER_PATH)/SearchGithubRepository";
			};
			name = Debug;
		};
		DC76A14B2BB782D20061F258 /* Release */ = {
			isa = XCBuildConfiguration;
			buildSettings = {
				ALWAYS_EMBED_SWIFT_STANDARD_LIBRARIES = YES;
				BUNDLE_LOADER = "$(TEST_HOST)";
				CODE_SIGN_STYLE = Automatic;
				CURRENT_PROJECT_VERSION = 1;
				DEVELOPMENT_TEAM = 34P9XTLBPV;
				GENERATE_INFOPLIST_FILE = YES;
				IPHONEOS_DEPLOYMENT_TARGET = 17.0;
				MARKETING_VERSION = 1.0;
				PRODUCT_BUNDLE_IDENTIFIER = com.srkim.SearchGithubRepositoryTests;
				PRODUCT_NAME = "$(TARGET_NAME)";
				SWIFT_EMIT_LOC_STRINGS = NO;
				SWIFT_VERSION = 5.0;
				TARGETED_DEVICE_FAMILY = "1,2";
				TEST_HOST = "$(BUILT_PRODUCTS_DIR)/SearchGithubRepository.app/$(BUNDLE_EXECUTABLE_FOLDER_PATH)/SearchGithubRepository";
			};
			name = Release;
		};
		DC76A14D2BB782D20061F258 /* Debug */ = {
			isa = XCBuildConfiguration;
			buildSettings = {
				ALWAYS_EMBED_SWIFT_STANDARD_LIBRARIES = YES;
				CODE_SIGN_STYLE = Automatic;
				CURRENT_PROJECT_VERSION = 1;
				DEVELOPMENT_TEAM = 34P9XTLBPV;
				GENERATE_INFOPLIST_FILE = YES;
				MARKETING_VERSION = 1.0;
				PRODUCT_BUNDLE_IDENTIFIER = com.srkim.SearchGithubRepositoryUITests;
				PRODUCT_NAME = "$(TARGET_NAME)";
				SWIFT_EMIT_LOC_STRINGS = NO;
				SWIFT_VERSION = 5.0;
				TARGETED_DEVICE_FAMILY = "1,2";
				TEST_TARGET_NAME = SearchGithubRepository;
			};
			name = Debug;
		};
		DC76A14E2BB782D20061F258 /* Release */ = {
			isa = XCBuildConfiguration;
			buildSettings = {
				ALWAYS_EMBED_SWIFT_STANDARD_LIBRARIES = YES;
				CODE_SIGN_STYLE = Automatic;
				CURRENT_PROJECT_VERSION = 1;
				DEVELOPMENT_TEAM = 34P9XTLBPV;
				GENERATE_INFOPLIST_FILE = YES;
				MARKETING_VERSION = 1.0;
				PRODUCT_BUNDLE_IDENTIFIER = com.srkim.SearchGithubRepositoryUITests;
				PRODUCT_NAME = "$(TARGET_NAME)";
				SWIFT_EMIT_LOC_STRINGS = NO;
				SWIFT_VERSION = 5.0;
				TARGETED_DEVICE_FAMILY = "1,2";
				TEST_TARGET_NAME = SearchGithubRepository;
			};
			name = Release;
		};
/* End XCBuildConfiguration section */

/* Begin XCConfigurationList section */
		DC76A1172BB782D10061F258 /* Build configuration list for PBXProject "SearchGithubRepository" */ = {
			isa = XCConfigurationList;
			buildConfigurations = (
				DC76A1442BB782D20061F258 /* Debug */,
				DC76A1452BB782D20061F258 /* Release */,
			);
			defaultConfigurationIsVisible = 0;
			defaultConfigurationName = Release;
		};
		DC76A1462BB782D20061F258 /* Build configuration list for PBXNativeTarget "SearchGithubRepository" */ = {
			isa = XCConfigurationList;
			buildConfigurations = (
				DC76A1472BB782D20061F258 /* Debug */,
				DC76A1482BB782D20061F258 /* Release */,
			);
			defaultConfigurationIsVisible = 0;
			defaultConfigurationName = Release;
		};
		DC76A1492BB782D20061F258 /* Build configuration list for PBXNativeTarget "SearchGithubRepositoryTests" */ = {
			isa = XCConfigurationList;
			buildConfigurations = (
				DC76A14A2BB782D20061F258 /* Debug */,
				DC76A14B2BB782D20061F258 /* Release */,
			);
			defaultConfigurationIsVisible = 0;
			defaultConfigurationName = Release;
		};
		DC76A14C2BB782D20061F258 /* Build configuration list for PBXNativeTarget "SearchGithubRepositoryUITests" */ = {
			isa = XCConfigurationList;
			buildConfigurations = (
				DC76A14D2BB782D20061F258 /* Debug */,
				DC76A14E2BB782D20061F258 /* Release */,
			);
			defaultConfigurationIsVisible = 0;
			defaultConfigurationName = Release;
		};
/* End XCConfigurationList section */

/* Begin XCRemoteSwiftPackageReference section */
		DC76A1652BB78DE50061F258 /* XCRemoteSwiftPackageReference "RxSwift" */ = {
			isa = XCRemoteSwiftPackageReference;
			repositoryURL = "https://github.com/ReactiveX/RxSwift.git";
			requirement = {
				kind = upToNextMajorVersion;
				minimumVersion = 6.6.0;
			};
		};
		DC76A16A2BB78E560061F258 /* XCRemoteSwiftPackageReference "SnapKit" */ = {
			isa = XCRemoteSwiftPackageReference;
			repositoryURL = "https://github.com/SnapKit/SnapKit.git";
			requirement = {
				kind = upToNextMajorVersion;
				minimumVersion = 5.7.1;
			};
		};
		DC76A16D2BB78E610061F258 /* XCRemoteSwiftPackageReference "Then" */ = {
			isa = XCRemoteSwiftPackageReference;
			repositoryURL = "https://github.com/devxoul/Then.git";
			requirement = {
				kind = upToNextMajorVersion;
				minimumVersion = 3.0.0;
			};
		};
/* End XCRemoteSwiftPackageReference section */

/* Begin XCSwiftPackageProductDependency section */
		DC76A1662BB78DE50061F258 /* RxCocoa */ = {
			isa = XCSwiftPackageProductDependency;
			package = DC76A1652BB78DE50061F258 /* XCRemoteSwiftPackageReference "RxSwift" */;
			productName = RxCocoa;
		};
		DC76A1682BB78DE50061F258 /* RxSwift */ = {
			isa = XCSwiftPackageProductDependency;
			package = DC76A1652BB78DE50061F258 /* XCRemoteSwiftPackageReference "RxSwift" */;
			productName = RxSwift;
		};
		DC76A16B2BB78E560061F258 /* SnapKit */ = {
			isa = XCSwiftPackageProductDependency;
			package = DC76A16A2BB78E560061F258 /* XCRemoteSwiftPackageReference "SnapKit" */;
			productName = SnapKit;
		};
		DC76A16E2BB78E610061F258 /* Then */ = {
			isa = XCSwiftPackageProductDependency;
			package = DC76A16D2BB78E610061F258 /* XCRemoteSwiftPackageReference "Then" */;
			productName = Then;
		};
/* End XCSwiftPackageProductDependency section */
	};
	rootObject = DC76A1142BB782D10061F258 /* Project object */;
}
